
Microsoft Visual Studio Solution File, Format Version 12.00
# Visual Studio Version 17
VisualStudioVersion = 17.7.34221.43
MinimumVisualStudioVersion = 10.0.40219.1
Project("{FAE04EC0-301F-11D3-BF4B-00C04F79EFBC}") = "havadurumodev1", "havadurumodev1\havadurumodev1.csproj", "{7FE89447-14A1-43C2-9F0A-018F4AAD8FF5}"
EndProject
Global
	GlobalSection(SolutionConfigurationPlatforms) = preSolution
		Debug|Any CPU = Debug|Any CPU
		Release|Any CPU = Release|Any CPU
	EndGlobalSection
	GlobalSection(ProjectConfigurationPlatforms) = postSolution
		{7FE89447-14A1-43C2-9F0A-018F4AAD8FF5}.Debug|Any CPU.ActiveCfg = Debug|Any CPU
		{7FE89447-14A1-43C2-9F0A-018F4AAD8FF5}.Debug|Any CPU.Build.0 = Debug|Any CPU
		{7FE89447-14A1-43C2-9F0A-018F4AAD8FF5}.Release|Any CPU.ActiveCfg = Release|Any CPU
		{7FE89447-14A1-43C2-9F0A-018F4AAD8FF5}.Release|Any CPU.Build.0 = Release|Any CPU
	EndGlobalSection
	GlobalSection(SolutionProperties) = preSolution
		HideSolutionNode = FALSE
	EndGlobalSection
	GlobalSection(ExtensibilityGlobals) = postSolution
		SolutionGuid = {9948A408-55E6-426E-9BBA-9F08DBE2DF00}
	EndGlobalSection
EndGlobal
